
Microsoft Visual Studio Solution File, Format Version 12.00
# Visual Studio 2013
VisualStudioVersion = 12.0.30723.0
MinimumVisualStudioVersion = 10.0.40219.1
Project("{FAE04EC0-301F-11D3-BF4B-00C04F79EFBC}") = "MotorReservas.Modelo", "MotorReservas.Modelo\MotorReservas.Modelo.csproj", "{7C42679A-9D88-426E-AB15-D2BF623907D1}"
EndProject
Project("{FAE04EC0-301F-11D3-BF4B-00C04F79EFBC}") = "MotorReserva.Entidad", "MotorReserva.Entidad\MotorReserva.Entidad.csproj", "{7184F326-E725-4747-91BE-4EF6AC2BF1B1}"
EndProject
Project("{FAE04EC0-301F-11D3-BF4B-00C04F79EFBC}") = "MotorReservas.ServicioWeb", "MotorReservas.ServicioWeb\MotorReservas.ServicioWeb.csproj", "{8096A0E5-784C-4C77-B146-22B8B0FC7BCB}"
EndProject
Project("{FAE04EC0-301F-11D3-BF4B-00C04F79EFBC}") = "MotorReservas.Web", "MotorReservas.Web\MotorReservas.Web.csproj", "{F4DB4E87-D427-4887-B8D0-72327F6E5D92}"
	ProjectSection(ProjectDependencies) = postProject
		{8096A0E5-784C-4C77-B146-22B8B0FC7BCB} = {8096A0E5-784C-4C77-B146-22B8B0FC7BCB}
	EndProjectSection
EndProject
Project("{FAE04EC0-301F-11D3-BF4B-00C04F79EFBC}") = "Helper", "Helper\Helper.csproj", "{847670B3-4E55-403E-9758-964610374A0C}"
EndProject
Global
	GlobalSection(SolutionConfigurationPlatforms) = preSolution
		Debug|Any CPU = Debug|Any CPU
		Release|Any CPU = Release|Any CPU
	EndGlobalSection
	GlobalSection(ProjectConfigurationPlatforms) = postSolution
		{7C42679A-9D88-426E-AB15-D2BF623907D1}.Debug|Any CPU.ActiveCfg = Debug|Any CPU
		{7C42679A-9D88-426E-AB15-D2BF623907D1}.Debug|Any CPU.Build.0 = Debug|Any CPU
		{7C42679A-9D88-426E-AB15-D2BF623907D1}.Release|Any CPU.ActiveCfg = Release|Any CPU
		{7C42679A-9D88-426E-AB15-D2BF623907D1}.Release|Any CPU.Build.0 = Release|Any CPU
		{7184F326-E725-4747-91BE-4EF6AC2BF1B1}.Debug|Any CPU.ActiveCfg = Debug|Any CPU
		{7184F326-E725-4747-91BE-4EF6AC2BF1B1}.Debug|Any CPU.Build.0 = Debug|Any CPU
		{7184F326-E725-4747-91BE-4EF6AC2BF1B1}.Release|Any CPU.ActiveCfg = Release|Any CPU
		{7184F326-E725-4747-91BE-4EF6AC2BF1B1}.Release|Any CPU.Build.0 = Release|Any CPU
		{8096A0E5-784C-4C77-B146-22B8B0FC7BCB}.Debug|Any CPU.ActiveCfg = Debug|Any CPU
		{8096A0E5-784C-4C77-B146-22B8B0FC7BCB}.Debug|Any CPU.Build.0 = Debug|Any CPU
		{8096A0E5-784C-4C77-B146-22B8B0FC7BCB}.Release|Any CPU.ActiveCfg = Release|Any CPU
		{8096A0E5-784C-4C77-B146-22B8B0FC7BCB}.Release|Any CPU.Build.0 = Release|Any CPU
		{F4DB4E87-D427-4887-B8D0-72327F6E5D92}.Debug|Any CPU.ActiveCfg = Debug|Any CPU
		{F4DB4E87-D427-4887-B8D0-72327F6E5D92}.Debug|Any CPU.Build.0 = Debug|Any CPU
		{F4DB4E87-D427-4887-B8D0-72327F6E5D92}.Release|Any CPU.ActiveCfg = Release|Any CPU
		{F4DB4E87-D427-4887-B8D0-72327F6E5D92}.Release|Any CPU.Build.0 = Release|Any CPU
		{847670B3-4E55-403E-9758-964610374A0C}.Debug|Any CPU.ActiveCfg = Debug|Any CPU
		{847670B3-4E55-403E-9758-964610374A0C}.Debug|Any CPU.Build.0 = Debug|Any CPU
		{847670B3-4E55-403E-9758-964610374A0C}.Release|Any CPU.ActiveCfg = Release|Any CPU
		{847670B3-4E55-403E-9758-964610374A0C}.Release|Any CPU.Build.0 = Release|Any CPU
	EndGlobalSection
	GlobalSection(SolutionProperties) = preSolution
		HideSolutionNode = FALSE
	EndGlobalSection
EndGlobal
