
Microsoft Visual Studio Solution File, Format Version 12.00
# Visual Studio 2013
VisualStudioVersion = 12.0.31101.0
MinimumVisualStudioVersion = 10.0.40219.1
Project("{FAE04EC0-301F-11D3-BF4B-00C04F79EFBC}") = "MotorReservas.Modelo", "MotorReservas.Modelo\MotorReservas.Modelo.csproj", "{7C42679A-9D88-426E-AB15-D2BF623907D1}"
EndProject
Project("{FAE04EC0-301F-11D3-BF4B-00C04F79EFBC}") = "MotorReserva.Entidad", "MotorReserva.Entidad\MotorReserva.Entidad.csproj", "{7184F326-E725-4747-91BE-4EF6AC2BF1B1}"
EndProject
Project("{FAE04EC0-301F-11D3-BF4B-00C04F79EFBC}") = "MotorReservas.ServicioWeb", "MotorReservas.ServicioWeb\MotorReservas.ServicioWeb.csproj", "{8096A0E5-784C-4C77-B146-22B8B0FC7BCB}"
EndProject
Project("{FAE04EC0-301F-11D3-BF4B-00C04F79EFBC}") = "MotorReservas.Web", "MotorReservas.Web\MotorReservas.Web.csproj", "{F4DB4E87-D427-4887-B8D0-72327F6E5D92}"
	ProjectSection(ProjectDependencies) = postProject
		{8096A0E5-784C-4C77-B146-22B8B0FC7BCB} = {8096A0E5-784C-4C77-B146-22B8B0FC7BCB}
	EndProjectSection
EndProject
Project("{FAE04EC0-301F-11D3-BF4B-00C04F79EFBC}") = "Helper", "Helper\Helper.csproj", "{847670B3-4E55-403E-9758-964610374A0C}"
EndProject
Project("{00D1A9C2-B5F0-4AF3-8072-F6C62B433612}") = "MotorReservas.ProyectoBaseDatos", "MotorReservas.ProyectoBaseDatos\MotorReservas.ProyectoBaseDatos.sqlproj", "{462CBFDA-3789-4FB1-863D-46636DF35A4A}"
EndProject
Project("{2150E333-8FDC-42A3-9474-1A3956D46DE8}") = "AuditoriaExcepciones", "AuditoriaExcepciones", "{B9C8D9C7-CBCF-49BD-BF3F-C5067D71DA64}"
EndProject
Project("{FAE04EC0-301F-11D3-BF4B-00C04F79EFBC}") = "MotorReservas.Caching", "MotorReservas.Caching\MotorReservas.Caching.csproj", "{9A0BDD2B-4238-4EFA-8F6A-AB25F4F72205}"
EndProject
Project("{FAE04EC0-301F-11D3-BF4B-00C04F79EFBC}") = "MotorReservas.GenericCustomLog", "MotorReservas.GenericCustomLog\MotorReservas.GenericCustomLog.csproj", "{5813365E-022E-46D2-9481-319579B5EDC3}"
EndProject
Project("{FAE04EC0-301F-11D3-BF4B-00C04F79EFBC}") = "MotorReservas.CustomLogging", "MotorReservas.CustomLogging\MotorReservas.CustomLogging.csproj", "{C6DDBAF6-BF47-4101-ADB6-E29DF1542D82}"
EndProject
Global
	GlobalSection(SolutionConfigurationPlatforms) = preSolution
		Debug|Any CPU = Debug|Any CPU
		Release|Any CPU = Release|Any CPU
	EndGlobalSection
	GlobalSection(ProjectConfigurationPlatforms) = postSolution
		{7C42679A-9D88-426E-AB15-D2BF623907D1}.Debug|Any CPU.ActiveCfg = Debug|Any CPU
		{7C42679A-9D88-426E-AB15-D2BF623907D1}.Debug|Any CPU.Build.0 = Debug|Any CPU
		{7C42679A-9D88-426E-AB15-D2BF623907D1}.Release|Any CPU.ActiveCfg = Release|Any CPU
		{7C42679A-9D88-426E-AB15-D2BF623907D1}.Release|Any CPU.Build.0 = Release|Any CPU
		{7184F326-E725-4747-91BE-4EF6AC2BF1B1}.Debug|Any CPU.ActiveCfg = Debug|Any CPU
		{7184F326-E725-4747-91BE-4EF6AC2BF1B1}.Debug|Any CPU.Build.0 = Debug|Any CPU
		{7184F326-E725-4747-91BE-4EF6AC2BF1B1}.Release|Any CPU.ActiveCfg = Release|Any CPU
		{7184F326-E725-4747-91BE-4EF6AC2BF1B1}.Release|Any CPU.Build.0 = Release|Any CPU
		{8096A0E5-784C-4C77-B146-22B8B0FC7BCB}.Debug|Any CPU.ActiveCfg = Debug|Any CPU
		{8096A0E5-784C-4C77-B146-22B8B0FC7BCB}.Debug|Any CPU.Build.0 = Debug|Any CPU
		{8096A0E5-784C-4C77-B146-22B8B0FC7BCB}.Release|Any CPU.ActiveCfg = Release|Any CPU
		{8096A0E5-784C-4C77-B146-22B8B0FC7BCB}.Release|Any CPU.Build.0 = Release|Any CPU
		{F4DB4E87-D427-4887-B8D0-72327F6E5D92}.Debug|Any CPU.ActiveCfg = Debug|Any CPU
		{F4DB4E87-D427-4887-B8D0-72327F6E5D92}.Debug|Any CPU.Build.0 = Debug|Any CPU
		{F4DB4E87-D427-4887-B8D0-72327F6E5D92}.Release|Any CPU.ActiveCfg = Release|Any CPU
		{F4DB4E87-D427-4887-B8D0-72327F6E5D92}.Release|Any CPU.Build.0 = Release|Any CPU
		{847670B3-4E55-403E-9758-964610374A0C}.Debug|Any CPU.ActiveCfg = Debug|Any CPU
		{847670B3-4E55-403E-9758-964610374A0C}.Debug|Any CPU.Build.0 = Debug|Any CPU
		{847670B3-4E55-403E-9758-964610374A0C}.Release|Any CPU.ActiveCfg = Release|Any CPU
		{847670B3-4E55-403E-9758-964610374A0C}.Release|Any CPU.Build.0 = Release|Any CPU
		{462CBFDA-3789-4FB1-863D-46636DF35A4A}.Debug|Any CPU.ActiveCfg = Debug|Any CPU
		{462CBFDA-3789-4FB1-863D-46636DF35A4A}.Debug|Any CPU.Build.0 = Debug|Any CPU
		{462CBFDA-3789-4FB1-863D-46636DF35A4A}.Debug|Any CPU.Deploy.0 = Debug|Any CPU
		{462CBFDA-3789-4FB1-863D-46636DF35A4A}.Release|Any CPU.ActiveCfg = Release|Any CPU
		{462CBFDA-3789-4FB1-863D-46636DF35A4A}.Release|Any CPU.Build.0 = Release|Any CPU
		{462CBFDA-3789-4FB1-863D-46636DF35A4A}.Release|Any CPU.Deploy.0 = Release|Any CPU
		{9A0BDD2B-4238-4EFA-8F6A-AB25F4F72205}.Debug|Any CPU.ActiveCfg = Debug|Any CPU
		{9A0BDD2B-4238-4EFA-8F6A-AB25F4F72205}.Debug|Any CPU.Build.0 = Debug|Any CPU
		{9A0BDD2B-4238-4EFA-8F6A-AB25F4F72205}.Release|Any CPU.ActiveCfg = Release|Any CPU
		{9A0BDD2B-4238-4EFA-8F6A-AB25F4F72205}.Release|Any CPU.Build.0 = Release|Any CPU
		{5813365E-022E-46D2-9481-319579B5EDC3}.Debug|Any CPU.ActiveCfg = Debug|Any CPU
		{5813365E-022E-46D2-9481-319579B5EDC3}.Debug|Any CPU.Build.0 = Debug|Any CPU
		{5813365E-022E-46D2-9481-319579B5EDC3}.Release|Any CPU.ActiveCfg = Release|Any CPU
		{5813365E-022E-46D2-9481-319579B5EDC3}.Release|Any CPU.Build.0 = Release|Any CPU
		{C6DDBAF6-BF47-4101-ADB6-E29DF1542D82}.Debug|Any CPU.ActiveCfg = Debug|Any CPU
		{C6DDBAF6-BF47-4101-ADB6-E29DF1542D82}.Debug|Any CPU.Build.0 = Debug|Any CPU
		{C6DDBAF6-BF47-4101-ADB6-E29DF1542D82}.Release|Any CPU.ActiveCfg = Release|Any CPU
		{C6DDBAF6-BF47-4101-ADB6-E29DF1542D82}.Release|Any CPU.Build.0 = Release|Any CPU
	EndGlobalSection
	GlobalSection(SolutionProperties) = preSolution
		HideSolutionNode = FALSE
	EndGlobalSection
	GlobalSection(NestedProjects) = preSolution
		{9A0BDD2B-4238-4EFA-8F6A-AB25F4F72205} = {B9C8D9C7-CBCF-49BD-BF3F-C5067D71DA64}
		{5813365E-022E-46D2-9481-319579B5EDC3} = {B9C8D9C7-CBCF-49BD-BF3F-C5067D71DA64}
		{C6DDBAF6-BF47-4101-ADB6-E29DF1542D82} = {B9C8D9C7-CBCF-49BD-BF3F-C5067D71DA64}
	EndGlobalSection
EndGlobal
